{
  "name": "response-giver",
  "version": "1.0.0",
  "lockfileVersion": 1,
  "requires": true,
  "dependencies": {
    "@types/node": {
      "version": "8.0.25",
      "resolved": "https://registry.npmjs.org/@types/node/-/node-8.0.25.tgz",
      "integrity": "sha512-zT+t9841g1HsjLtPMCYxmb1U4pcZ2TOegAKiomlmj6bIziuaEYHUavxLE9NRwdntY0vOCrgHho6OXjDX7fm/Kw=="
    },
    "node-json-equal": {
      "version": "0.1.0",
      "resolved": "https://registry.npmjs.org/node-json-equal/-/node-json-equal-0.1.0.tgz",
      "integrity": "sha1-yjz/a+0EDIAymbV+ne8NHV3ZrAI="
    }
  }
}
